// !$*UTF8*$!
{
	archiveVersion = 1;
	classes = {
	};
	objectVersion = 56;
	objects = {

/* Begin PBXBuildFile section */
		84228C902C9C60FC004C3936 /* AppDelegate.swift in Sources */ = {isa = PBXBuildFile; fileRef = 84228C8F2C9C60FC004C3936 /* AppDelegate.swift */; };
		84228C922C9C60FC004C3936 /* SceneDelegate.swift in Sources */ = {isa = PBXBuildFile; fileRef = 84228C912C9C60FC004C3936 /* SceneDelegate.swift */; };
		84228C942C9C60FC004C3936 /* ViewController.swift in Sources */ = {isa = PBXBuildFile; fileRef = 84228C932C9C60FC004C3936 /* ViewController.swift */; };
		84228C972C9C60FC004C3936 /* Base in Resources */ = {isa = PBXBuildFile; fileRef = 84228C962C9C60FC004C3936 /* Base */; };
		84228C992C9C60FE004C3936 /* Assets.xcassets in Resources */ = {isa = PBXBuildFile; fileRef = 84228C982C9C60FE004C3936 /* Assets.xcassets */; };
		84228C9C2C9C60FE004C3936 /* Base in Resources */ = {isa = PBXBuildFile; fileRef = 84228C9B2C9C60FE004C3936 /* Base */; };
		84228CA72C9C60FF004C3936 /* XoneTestTests.swift in Sources */ = {isa = PBXBuildFile; fileRef = 84228CA62C9C60FF004C3936 /* XoneTestTests.swift */; };
		84228CB12C9C60FF004C3936 /* XoneTestUITests.swift in Sources */ = {isa = PBXBuildFile; fileRef = 84228CB02C9C60FF004C3936 /* XoneTestUITests.swift */; };
		84228CB32C9C60FF004C3936 /* XoneTestUITestsLaunchTests.swift in Sources */ = {isa = PBXBuildFile; fileRef = 84228CB22C9C60FF004C3936 /* XoneTestUITestsLaunchTests.swift */; };
/* End PBXBuildFile section */

/* Begin PBXContainerItemProxy section */
		84228CA32C9C60FF004C3936 /* PBXContainerItemProxy */ = {
			isa = PBXContainerItemProxy;
			containerPortal = 84228C842C9C60FC004C3936 /* Project object */;
			proxyType = 1;
			remoteGlobalIDString = 84228C8B2C9C60FC004C3936;
			remoteInfo = XoneTest;
		};
		84228CAD2C9C60FF004C3936 /* PBXContainerItemProxy */ = {
			isa = PBXContainerItemProxy;
			containerPortal = 84228C842C9C60FC004C3936 /* Project object */;
			proxyType = 1;
			remoteGlobalIDString = 84228C8B2C9C60FC004C3936;
			remoteInfo = XoneTest;
		};
/* End PBXContainerItemProxy section */

/* Begin PBXFileReference section */
		84228C8C2C9C60FC004C3936 /* XoneTest.app */ = {isa = PBXFileReference; explicitFileType = wrapper.application; includeInIndex = 0; path = XoneTest.app; sourceTree = BUILT_PRODUCTS_DIR; };
		84228C8F2C9C60FC004C3936 /* AppDelegate.swift */ = {isa = PBXFileReference; lastKnownFileType = sourcecode.swift; path = AppDelegate.swift; sourceTree = "<group>"; };
		84228C912C9C60FC004C3936 /* SceneDelegate.swift */ = {isa = PBXFileReference; lastKnownFileType = sourcecode.swift; path = SceneDelegate.swift; sourceTree = "<group>"; };
		84228C932C9C60FC004C3936 /* ViewController.swift */ = {isa = PBXFileReference; lastKnownFileType = sourcecode.swift; path = ViewController.swift; sourceTree = "<group>"; };
		84228C962C9C60FC004C3936 /* Base */ = {isa = PBXFileReference; lastKnownFileType = file.storyboard; name = Base; path = Base.lproj/Main.storyboard; sourceTree = "<group>"; };
		84228C982C9C60FE004C3936 /* Assets.xcassets */ = {isa = PBXFileReference; lastKnownFileType = folder.assetcatalog; path = Assets.xcassets; sourceTree = "<group>"; };
		84228C9B2C9C60FE004C3936 /* Base */ = {isa = PBXFileReference; lastKnownFileType = file.storyboard; name = Base; path = Base.lproj/LaunchScreen.storyboard; sourceTree = "<group>"; };
		84228C9D2C9C60FE004C3936 /* Info.plist */ = {isa = PBXFileReference; lastKnownFileType = text.plist.xml; path = Info.plist; sourceTree = "<group>"; };
		84228CA22C9C60FF004C3936 /* XoneTestTests.xctest */ = {isa = PBXFileReference; explicitFileType = wrapper.cfbundle; includeInIndex = 0; path = XoneTestTests.xctest; sourceTree = BUILT_PRODUCTS_DIR; };
		84228CA62C9C60FF004C3936 /* XoneTestTests.swift */ = {isa = PBXFileReference; lastKnownFileType = sourcecode.swift; path = XoneTestTests.swift; sourceTree = "<group>"; };
		84228CAC2C9C60FF004C3936 /* XoneTestUITests.xctest */ = {isa = PBXFileReference; explicitFileType = wrapper.cfbundle; includeInIndex = 0; path = XoneTestUITests.xctest; sourceTree = BUILT_PRODUCTS_DIR; };
		84228CB02C9C60FF004C3936 /* XoneTestUITests.swift */ = {isa = PBXFileReference; lastKnownFileType = sourcecode.swift; path = XoneTestUITests.swift; sourceTree = "<group>"; };
		84228CB22C9C60FF004C3936 /* XoneTestUITestsLaunchTests.swift */ = {isa = PBXFileReference; lastKnownFileType = sourcecode.swift; path = XoneTestUITestsLaunchTests.swift; sourceTree = "<group>"; };
		84BA329C2C9D532300DB114A /* Alamofire.framework */ = {isa = PBXFileReference; explicitFileType = wrapper.framework; path = Alamofire.framework; sourceTree = BUILT_PRODUCTS_DIR; };
/* End PBXFileReference section */

/* Begin PBXFrameworksBuildPhase section */
		84228C9F2C9C60FF004C3936 /* Frameworks */ = {
			isa = PBXFrameworksBuildPhase;
			buildActionMask = 2147483647;
			files = (
			);
			runOnlyForDeploymentPostprocessing = 0;
		};
		84228CA92C9C60FF004C3936 /* Frameworks */ = {
			isa = PBXFrameworksBuildPhase;
			buildActionMask = 2147483647;
			files = (
			);
			runOnlyForDeploymentPostprocessing = 0;
		};
/* End PBXFrameworksBuildPhase section */

/* Begin PBXGroup section */
		7CB28EFF35A125CE654E07FE /* Frameworks */ = {
			isa = PBXGroup;
			children = (
				84BA329C2C9D532300DB114A /* Alamofire.framework */,
			);
			name = Frameworks;
			sourceTree = "<group>";
		};
		84228C832C9C60FC004C3936 = {
			isa = PBXGroup;
			children = (
				84228C8E2C9C60FC004C3936 /* XoneTest */,
				84228CA52C9C60FF004C3936 /* XoneTestTests */,
				84228CAF2C9C60FF004C3936 /* XoneTestUITests */,
				84228C8D2C9C60FC004C3936 /* Products */,
				7CB28EFF35A125CE654E07FE /* Frameworks */,
			);
			sourceTree = "<group>";
		};
		84228C8D2C9C60FC004C3936 /* Products */ = {
			isa = PBXGroup;
			children = (
				84228C8C2C9C60FC004C3936 /* XoneTest.app */,
				84228CA22C9C60FF004C3936 /* XoneTestTests.xctest */,
				84228CAC2C9C60FF004C3936 /* XoneTestUITests.xctest */,
			);
			name = Products;
			sourceTree = "<group>";
		};
		84228C8E2C9C60FC004C3936 /* XoneTest */ = {
			isa = PBXGroup;
			children = (
				84228C8F2C9C60FC004C3936 /* AppDelegate.swift */,
				84228C912C9C60FC004C3936 /* SceneDelegate.swift */,
				84228C932C9C60FC004C3936 /* ViewController.swift */,
				84228C952C9C60FC004C3936 /* Main.storyboard */,
				84228C982C9C60FE004C3936 /* Assets.xcassets */,
				84228C9A2C9C60FE004C3936 /* LaunchScreen.storyboard */,
				84228C9D2C9C60FE004C3936 /* Info.plist */,
			);
			path = XoneTest;
			sourceTree = "<group>";
		};
		84228CA52C9C60FF004C3936 /* XoneTestTests */ = {
			isa = PBXGroup;
			children = (
				84228CA62C9C60FF004C3936 /* XoneTestTests.swift */,
			);
			path = XoneTestTests;
			sourceTree = "<group>";
		};
		84228CAF2C9C60FF004C3936 /* XoneTestUITests */ = {
			isa = PBXGroup;
			children = (
				84228CB02C9C60FF004C3936 /* XoneTestUITests.swift */,
				84228CB22C9C60FF004C3936 /* XoneTestUITestsLaunchTests.swift */,
			);
			path = XoneTestUITests;
			sourceTree = "<group>";
		};
/* End PBXGroup section */

/* Begin PBXNativeTarget section */
		84228C8B2C9C60FC004C3936 /* XoneTest */ = {
			isa = PBXNativeTarget;
			buildConfigurationList = 84228CB62C9C60FF004C3936 /* Build configuration list for PBXNativeTarget "XoneTest" */;
			buildPhases = (
				84228C882C9C60FC004C3936 /* Sources */,
				84228C8A2C9C60FC004C3936 /* Resources */,
			);
			buildRules = (
			);
			dependencies = (
			);
			name = XoneTest;
			productName = XoneTest;
			productReference = 84228C8C2C9C60FC004C3936 /* XoneTest.app */;
			productType = "com.apple.product-type.application";
		};
		84228CA12C9C60FF004C3936 /* XoneTestTests */ = {
			isa = PBXNativeTarget;
			buildConfigurationList = 84228CB92C9C60FF004C3936 /* Build configuration list for PBXNativeTarget "XoneTestTests" */;
			buildPhases = (
				84228C9E2C9C60FF004C3936 /* Sources */,
				84228C9F2C9C60FF004C3936 /* Frameworks */,
				84228CA02C9C60FF004C3936 /* Resources */,
			);
			buildRules = (
			);
			dependencies = (
				84228CA42C9C60FF004C3936 /* PBXTargetDependency */,
			);
			name = XoneTestTests;
			productName = XoneTestTests;
			productReference = 84228CA22C9C60FF004C3936 /* XoneTestTests.xctest */;
			productType = "com.apple.product-type.bundle.unit-test";
		};
		84228CAB2C9C60FF004C3936 /* XoneTestUITests */ = {
			isa = PBXNativeTarget;
			buildConfigurationList = 84228CBC2C9C60FF004C3936 /* Build configuration list for PBXNativeTarget "XoneTestUITests" */;
			buildPhases = (
				84228CA82C9C60FF004C3936 /* Sources */,
				84228CA92C9C60FF004C3936 /* Frameworks */,
				84228CAA2C9C60FF004C3936 /* Resources */,
			);
			buildRules = (
			);
			dependencies = (
				84228CAE2C9C60FF004C3936 /* PBXTargetDependency */,
			);
			name = XoneTestUITests;
			productName = XoneTestUITests;
			productReference = 84228CAC2C9C60FF004C3936 /* XoneTestUITests.xctest */;
			productType = "com.apple.product-type.bundle.ui-testing";
		};
/* End PBXNativeTarget section */

/* Begin PBXProject section */
		84228C842C9C60FC004C3936 /* Project object */ = {
			isa = PBXProject;
			attributes = {
				BuildIndependentTargetsInParallel = 1;
				LastSwiftUpdateCheck = 1530;
				LastUpgradeCheck = 1530;
				TargetAttributes = {
					84228C8B2C9C60FC004C3936 = {
						CreatedOnToolsVersion = 15.3;
					};
					84228CA12C9C60FF004C3936 = {
						CreatedOnToolsVersion = 15.3;
						TestTargetID = 84228C8B2C9C60FC004C3936;
					};
					84228CAB2C9C60FF004C3936 = {
						CreatedOnToolsVersion = 15.3;
						TestTargetID = 84228C8B2C9C60FC004C3936;
					};
				};
			};
			buildConfigurationList = 84228C872C9C60FC004C3936 /* Build configuration list for PBXProject "XoneTest" */;
			compatibilityVersion = "Xcode 14.0";
			developmentRegion = en;
			hasScannedForEncodings = 0;
			knownRegions = (
				en,
				Base,
			);
			mainGroup = 84228C832C9C60FC004C3936;
			productRefGroup = 84228C8D2C9C60FC004C3936 /* Products */;
			projectDirPath = "";
			projectRoot = "";
			targets = (
				84228C8B2C9C60FC004C3936 /* XoneTest */,
				84228CA12C9C60FF004C3936 /* XoneTestTests */,
				84228CAB2C9C60FF004C3936 /* XoneTestUITests */,
			);
		};
/* End PBXProject section */

/* Begin PBXResourcesBuildPhase section */
		84228C8A2C9C60FC004C3936 /* Resources */ = {
			isa = PBXResourcesBuildPhase;
			buildActionMask = 2147483647;
			files = (
				84228C992C9C60FE004C3936 /* Assets.xcassets in Resources */,
				84228C9C2C9C60FE004C3936 /* Base in Resources */,
				84228C972C9C60FC004C3936 /* Base in Resources */,
			);
			runOnlyForDeploymentPostprocessing = 0;
		};
		84228CA02C9C60FF004C3936 /* Resources */ = {
			isa = PBXResourcesBuildPhase;
			buildActionMask = 2147483647;
			files = (
			);
			runOnlyForDeploymentPostprocessing = 0;
		};
		84228CAA2C9C60FF004C3936 /* Resources */ = {
			isa = PBXResourcesBuildPhase;
			buildActionMask = 2147483647;
			files = (
			);
			runOnlyForDeploymentPostprocessing = 0;
		};
/* End PBXResourcesBuildPhase section */

/* Begin PBXSourcesBuildPhase section */
		84228C882C9C60FC004C3936 /* Sources */ = {
			isa = PBXSourcesBuildPhase;
			buildActionMask = 2147483647;
			files = (
				84228C942C9C60FC004C3936 /* ViewController.swift in Sources */,
				84228C902C9C60FC004C3936 /* AppDelegate.swift in Sources */,
				84228C922C9C60FC004C3936 /* SceneDelegate.swift in Sources */,
			);
			runOnlyForDeploymentPostprocessing = 0;
		};
		84228C9E2C9C60FF004C3936 /* Sources */ = {
			isa = PBXSourcesBuildPhase;
			buildActionMask = 2147483647;
			files = (
				84228CA72C9C60FF004C3936 /* XoneTestTests.swift in Sources */,
			);
			runOnlyForDeploymentPostprocessing = 0;
		};
		84228CA82C9C60FF004C3936 /* Sources */ = {
			isa = PBXSourcesBuildPhase;
			buildActionMask = 2147483647;
			files = (
				84228CB32C9C60FF004C3936 /* XoneTestUITestsLaunchTests.swift in Sources */,
				84228CB12C9C60FF004C3936 /* XoneTestUITests.swift in Sources */,
			);
			runOnlyForDeploymentPostprocessing = 0;
		};
/* End PBXSourcesBuildPhase section */

/* Begin PBXTargetDependency section */
		84228CA42C9C60FF004C3936 /* PBXTargetDependency */ = {
			isa = PBXTargetDependency;
			target = 84228C8B2C9C60FC004C3936 /* XoneTest */;
			targetProxy = 84228CA32C9C60FF004C3936 /* PBXContainerItemProxy */;
		};
		84228CAE2C9C60FF004C3936 /* PBXTargetDependency */ = {
			isa = PBXTargetDependency;
			target = 84228C8B2C9C60FC004C3936 /* XoneTest */;
			targetProxy = 84228CAD2C9C60FF004C3936 /* PBXContainerItemProxy */;
		};
/* End PBXTargetDependency section */

/* Begin PBXVariantGroup section */
		84228C952C9C60FC004C3936 /* Main.storyboard */ = {
			isa = PBXVariantGroup;
			children = (
				84228C962C9C60FC004C3936 /* Base */,
			);
			name = Main.storyboard;
			sourceTree = "<group>";
		};
		84228C9A2C9C60FE004C3936 /* LaunchScreen.storyboard */ = {
			isa = PBXVariantGroup;
			children = (
				84228C9B2C9C60FE004C3936 /* Base */,
			);
			name = LaunchScreen.storyboard;
			sourceTree = "<group>";
		};
/* End PBXVariantGroup section */

/* Begin XCBuildConfiguration section */
		84228CB42C9C60FF004C3936 /* Debug */ = {
			isa = XCBuildConfiguration;
			buildSettings = {
				ALWAYS_SEARCH_USER_PATHS = NO;
				ASSETCATALOG_COMPILER_GENERATE_SWIFT_ASSET_SYMBOL_EXTENSIONS = YES;
				CLANG_ANALYZER_NONNULL = YES;
				CLANG_ANALYZER_NUMBER_OBJECT_CONVERSION = YES_AGGRESSIVE;
				CLANG_CXX_LANGUAGE_STANDARD = "gnu++20";
				CLANG_ENABLE_MODULES = YES;
				CLANG_ENABLE_OBJC_ARC = YES;
				CLANG_ENABLE_OBJC_WEAK = YES;
				CLANG_WARN_BLOCK_CAPTURE_AUTORELEASING = YES;
				CLANG_WARN_BOOL_CONVERSION = YES;
				CLANG_WARN_COMMA = YES;
				CLANG_WARN_CONSTANT_CONVERSION = YES;
				CLANG_WARN_DEPRECATED_OBJC_IMPLEMENTATIONS = YES;
				CLANG_WARN_DIRECT_OBJC_ISA_USAGE = YES_ERROR;
				CLANG_WARN_DOCUMENTATION_COMMENTS = YES;
				CLANG_WARN_EMPTY_BODY = YES;
				CLANG_WARN_ENUM_CONVERSION = YES;
				CLANG_WARN_INFINITE_RECURSION = YES;
				CLANG_WARN_INT_CONVERSION = YES;
				CLANG_WARN_NON_LITERAL_NULL_CONVERSION = YES;
				CLANG_WARN_OBJC_IMPLICIT_RETAIN_SELF = YES;
				CLANG_WARN_OBJC_LITERAL_CONVERSION = YES;
				CLANG_WARN_OBJC_ROOT_CLASS = YES_ERROR;
				CLANG_WARN_QUOTED_INCLUDE_IN_FRAMEWORK_HEADER = YES;
				CLANG_WARN_RANGE_LOOP_ANALYSIS = YES;
				CLANG_WARN_STRICT_PROTOTYPES = YES;
				CLANG_WARN_SUSPICIOUS_MOVE = YES;
				CLANG_WARN_UNGUARDED_AVAILABILITY = YES_AGGRESSIVE;
				CLANG_WARN_UNREACHABLE_CODE = YES;
				CLANG_WARN__DUPLICATE_METHOD_MATCH = YES;
				COPY_PHASE_STRIP = NO;
				DEBUG_INFORMATION_FORMAT = dwarf;
				ENABLE_STRICT_OBJC_MSGSEND = YES;
				ENABLE_TESTABILITY = YES;
				ENABLE_USER_SCRIPT_SANDBOXING = YES;
				GCC_C_LANGUAGE_STANDARD = gnu17;
				GCC_DYNAMIC_NO_PIC = NO;
				GCC_NO_COMMON_BLOCKS = YES;
				GCC_OPTIMIZATION_LEVEL = 0;
				GCC_PREPROCESSOR_DEFINITIONS = (
					"DEBUG=1",
					"$(inherited)",
				);
				GCC_WARN_64_TO_32_BIT_CONVERSION = YES;
				GCC_WARN_ABOUT_RETURN_TYPE = YES_ERROR;
				GCC_WARN_UNDECLARED_SELECTOR = YES;
				GCC_WARN_UNINITIALIZED_AUTOS = YES_AGGRESSIVE;
				GCC_WARN_UNUSED_FUNCTION = YES;
				GCC_WARN_UNUSED_VARIABLE = YES;
				IPHONEOS_DEPLOYMENT_TARGET = 17.4;
				LOCALIZATION_PREFERS_STRING_CATALOGS = YES;
				MTL_ENABLE_DEBUG_INFO = INCLUDE_SOURCE;
				MTL_FAST_MATH = YES;
				ONLY_ACTIVE_ARCH = YES;
				SDKROOT = iphoneos;
				SWIFT_ACTIVE_COMPILATION_CONDITIONS = "DEBUG $(inherited)";
				SWIFT_OPTIMIZATION_LEVEL = "-Onone";
			};
			name = Debug;
		};
		84228CB52C9C60FF004C3936 /* Release */ = {
			isa = XCBuildConfiguration;
			buildSettings = {
				ALWAYS_SEARCH_USER_PATHS = NO;
				ASSETCATALOG_COMPILER_GENERATE_SWIFT_ASSET_SYMBOL_EXTENSIONS = YES;
				CLANG_ANALYZER_NONNULL = YES;
				CLANG_ANALYZER_NUMBER_OBJECT_CONVERSION = YES_AGGRESSIVE;
				CLANG_CXX_LANGUAGE_STANDARD = "gnu++20";
				CLANG_ENABLE_MODULES = YES;
				CLANG_ENABLE_OBJC_ARC = YES;
				CLANG_ENABLE_OBJC_WEAK = YES;
				CLANG_WARN_BLOCK_CAPTURE_AUTORELEASING = YES;
				CLANG_WARN_BOOL_CONVERSION = YES;
				CLANG_WARN_COMMA = YES;
				CLANG_WARN_CONSTANT_CONVERSION = YES;
				CLANG_WARN_DEPRECATED_OBJC_IMPLEMENTATIONS = YES;
				CLANG_WARN_DIRECT_OBJC_ISA_USAGE = YES_ERROR;
				CLANG_WARN_DOCUMENTATION_COMMENTS = YES;
				CLANG_WARN_EMPTY_BODY = YES;
				CLANG_WARN_ENUM_CONVERSION = YES;
				CLANG_WARN_INFINITE_RECURSION = YES;
				CLANG_WARN_INT_CONVERSION = YES;
				CLANG_WARN_NON_LITERAL_NULL_CONVERSION = YES;
				CLANG_WARN_OBJC_IMPLICIT_RETAIN_SELF = YES;
				CLANG_WARN_OBJC_LITERAL_CONVERSION = YES;
				CLANG_WARN_OBJC_ROOT_CLASS = YES_ERROR;
				CLANG_WARN_QUOTED_INCLUDE_IN_FRAMEWORK_HEADER = YES;
				CLANG_WARN_RANGE_LOOP_ANALYSIS = YES;
				CLANG_WARN_STRICT_PROTOTYPES = YES;
				CLANG_WARN_SUSPICIOUS_MOVE = YES;
				CLANG_WARN_UNGUARDED_AVAILABILITY = YES_AGGRESSIVE;
				CLANG_WARN_UNREACHABLE_CODE = YES;
				CLANG_WARN__DUPLICATE_METHOD_MATCH = YES;
				COPY_PHASE_STRIP = NO;
				DEBUG_INFORMATION_FORMAT = "dwarf-with-dsym";
				ENABLE_NS_ASSERTIONS = NO;
				ENABLE_STRICT_OBJC_MSGSEND = YES;
				ENABLE_USER_SCRIPT_SANDBOXING = YES;
				GCC_C_LANGUAGE_STANDARD = gnu17;
				GCC_NO_COMMON_BLOCKS = YES;
				GCC_WARN_64_TO_32_BIT_CONVERSION = YES;
				GCC_WARN_ABOUT_RETURN_TYPE = YES_ERROR;
				GCC_WARN_UNDECLARED_SELECTOR = YES;
				GCC_WARN_UNINITIALIZED_AUTOS = YES_AGGRESSIVE;
				GCC_WARN_UNUSED_FUNCTION = YES;
				GCC_WARN_UNUSED_VARIABLE = YES;
				IPHONEOS_DEPLOYMENT_TARGET = 17.4;
				LOCALIZATION_PREFERS_STRING_CATALOGS = YES;
				MTL_ENABLE_DEBUG_INFO = NO;
				MTL_FAST_MATH = YES;
				SDKROOT = iphoneos;
				SWIFT_COMPILATION_MODE = wholemodule;
				VALIDATE_PRODUCT = YES;
			};
			name = Release;
		};
		84228CB72C9C60FF004C3936 /* Debug */ = {
			isa = XCBuildConfiguration;
			buildSettings = {
				ASSETCATALOG_COMPILER_APPICON_NAME = AppIcon;
				ASSETCATALOG_COMPILER_GLOBAL_ACCENT_COLOR_NAME = AccentColor;
				CODE_SIGN_STYLE = Automatic;
				CURRENT_PROJECT_VERSION = 1;
				DEVELOPMENT_TEAM = RSJL44J28C;
				GENERATE_INFOPLIST_FILE = YES;
				INFOPLIST_FILE = XoneTest/Info.plist;
				INFOPLIST_KEY_CFBundleDisplayName = XoneDemo;
				INFOPLIST_KEY_UIApplicationSupportsIndirectInputEvents = YES;
				INFOPLIST_KEY_UILaunchStoryboardName = LaunchScreen;
				INFOPLIST_KEY_UIMainStoryboardFile = Main;
				INFOPLIST_KEY_UISupportedInterfaceOrientations_iPad = "UIInterfaceOrientationPortrait UIInterfaceOrientationPortraitUpsideDown UIInterfaceOrientationLandscapeLeft UIInterfaceOrientationLandscapeRight";
				INFOPLIST_KEY_UISupportedInterfaceOrientations_iPhone = "UIInterfaceOrientationPortrait UIInterfaceOrientationLandscapeLeft UIInterfaceOrientationLandscapeRight";
				LD_RUNPATH_SEARCH_PATHS = (
					"$(inherited)",
					"@executable_path/Frameworks",
				);
				MARKETING_VERSION = 1.0;
				PRODUCT_BUNDLE_IDENTIFIER = com.Test.Xone;
				PRODUCT_NAME = "$(TARGET_NAME)";
				SWIFT_EMIT_LOC_STRINGS = YES;
				SWIFT_VERSION = 5.0;
				TARGETED_DEVICE_FAMILY = "1,2";
			};
			name = Debug;
		};
		84228CB82C9C60FF004C3936 /* Release */ = {
			isa = XCBuildConfiguration;
			buildSettings = {
				ASSETCATALOG_COMPILER_APPICON_NAME = AppIcon;
				ASSETCATALOG_COMPILER_GLOBAL_ACCENT_COLOR_NAME = AccentColor;
				CODE_SIGN_STYLE = Automatic;
				CURRENT_PROJECT_VERSION = 1;
				DEVELOPMENT_TEAM = RSJL44J28C;
				GENERATE_INFOPLIST_FILE = YES;
				INFOPLIST_FILE = XoneTest/Info.plist;
				INFOPLIST_KEY_CFBundleDisplayName = XoneDemo;
				INFOPLIST_KEY_UIApplicationSupportsIndirectInputEvents = YES;
				INFOPLIST_KEY_UILaunchStoryboardName = LaunchScreen;
				INFOPLIST_KEY_UIMainStoryboardFile = Main;
				INFOPLIST_KEY_UISupportedInterfaceOrientations_iPad = "UIInterfaceOrientationPortrait UIInterfaceOrientationPortraitUpsideDown UIInterfaceOrientationLandscapeLeft UIInterfaceOrientationLandscapeRight";
				INFOPLIST_KEY_UISupportedInterfaceOrientations_iPhone = "UIInterfaceOrientationPortrait UIInterfaceOrientationLandscapeLeft UIInterfaceOrientationLandscapeRight";
				LD_RUNPATH_SEARCH_PATHS = (
					"$(inherited)",
					"@executable_path/Frameworks",
				);
				MARKETING_VERSION = 1.0;
				PRODUCT_BUNDLE_IDENTIFIER = com.Test.Xone;
				PRODUCT_NAME = "$(TARGET_NAME)";
				SWIFT_EMIT_LOC_STRINGS = YES;
				SWIFT_VERSION = 5.0;
				TARGETED_DEVICE_FAMILY = "1,2";
			};
			name = Release;
		};
		84228CBA2C9C60FF004C3936 /* Debug */ = {
			isa = XCBuildConfiguration;
			buildSettings = {
				ALWAYS_EMBED_SWIFT_STANDARD_LIBRARIES = YES;
				BUNDLE_LOADER = "$(TEST_HOST)";
				CODE_SIGN_STYLE = Automatic;
				CURRENT_PROJECT_VERSION = 1;
				DEVELOPMENT_TEAM = RSJL44J28C;
				GENERATE_INFOPLIST_FILE = YES;
				IPHONEOS_DEPLOYMENT_TARGET = 17.4;
				MARKETING_VERSION = 1.0;
				PRODUCT_BUNDLE_IDENTIFIER = com.Test.Lms.XoneTestTests;
				PRODUCT_NAME = "$(TARGET_NAME)";
				SWIFT_EMIT_LOC_STRINGS = NO;
				SWIFT_VERSION = 5.0;
				TARGETED_DEVICE_FAMILY = "1,2";
				TEST_HOST = "$(BUILT_PRODUCTS_DIR)/XoneTest.app/$(BUNDLE_EXECUTABLE_FOLDER_PATH)/XoneTest";
			};
			name = Debug;
		};
		84228CBB2C9C60FF004C3936 /* Release */ = {
			isa = XCBuildConfiguration;
			buildSettings = {
				ALWAYS_EMBED_SWIFT_STANDARD_LIBRARIES = YES;
				BUNDLE_LOADER = "$(TEST_HOST)";
				CODE_SIGN_STYLE = Automatic;
				CURRENT_PROJECT_VERSION = 1;
				DEVELOPMENT_TEAM = RSJL44J28C;
				GENERATE_INFOPLIST_FILE = YES;
				IPHONEOS_DEPLOYMENT_TARGET = 17.4;
				MARKETING_VERSION = 1.0;
				PRODUCT_BUNDLE_IDENTIFIER = com.Test.Lms.XoneTestTests;
				PRODUCT_NAME = "$(TARGET_NAME)";
				SWIFT_EMIT_LOC_STRINGS = NO;
				SWIFT_VERSION = 5.0;
				TARGETED_DEVICE_FAMILY = "1,2";
				TEST_HOST = "$(BUILT_PRODUCTS_DIR)/XoneTest.app/$(BUNDLE_EXECUTABLE_FOLDER_PATH)/XoneTest";
			};
			name = Release;
		};
		84228CBD2C9C60FF004C3936 /* Debug */ = {
			isa = XCBuildConfiguration;
			buildSettings = {
				ALWAYS_EMBED_SWIFT_STANDARD_LIBRARIES = YES;
				CODE_SIGN_STYLE = Automatic;
				CURRENT_PROJECT_VERSION = 1;
				DEVELOPMENT_TEAM = RSJL44J28C;
				GENERATE_INFOPLIST_FILE = YES;
				MARKETING_VERSION = 1.0;
				PRODUCT_BUNDLE_IDENTIFIER = com.Test.Lms.XoneTestUITests;
				PRODUCT_NAME = "$(TARGET_NAME)";
				SWIFT_EMIT_LOC_STRINGS = NO;
				SWIFT_VERSION = 5.0;
				TARGETED_DEVICE_FAMILY = "1,2";
				TEST_TARGET_NAME = XoneTest;
			};
			name = Debug;
		};
		84228CBE2C9C60FF004C3936 /* Release */ = {
			isa = XCBuildConfiguration;
			buildSettings = {
				ALWAYS_EMBED_SWIFT_STANDARD_LIBRARIES = YES;
				CODE_SIGN_STYLE = Automatic;
				CURRENT_PROJECT_VERSION = 1;
				DEVELOPMENT_TEAM = RSJL44J28C;
				GENERATE_INFOPLIST_FILE = YES;
				MARKETING_VERSION = 1.0;
				PRODUCT_BUNDLE_IDENTIFIER = com.Test.Lms.XoneTestUITests;
				PRODUCT_NAME = "$(TARGET_NAME)";
				SWIFT_EMIT_LOC_STRINGS = NO;
				SWIFT_VERSION = 5.0;
				TARGETED_DEVICE_FAMILY = "1,2";
				TEST_TARGET_NAME = XoneTest;
			};
			name = Release;
		};
/* End XCBuildConfiguration section */

/* Begin XCConfigurationList section */
		84228C872C9C60FC004C3936 /* Build configuration list for PBXProject "XoneTest" */ = {
			isa = XCConfigurationList;
			buildConfigurations = (
				84228CB42C9C60FF004C3936 /* Debug */,
				84228CB52C9C60FF004C3936 /* Release */,
			);
			defaultConfigurationIsVisible = 0;
			defaultConfigurationName = Release;
		};
		84228CB62C9C60FF004C3936 /* Build configuration list for PBXNativeTarget "XoneTest" */ = {
			isa = XCConfigurationList;
			buildConfigurations = (
				84228CB72C9C60FF004C3936 /* Debug */,
				84228CB82C9C60FF004C3936 /* Release */,
			);
			defaultConfigurationIsVisible = 0;
			defaultConfigurationName = Release;
		};
		84228CB92C9C60FF004C3936 /* Build configuration list for PBXNativeTarget "XoneTestTests" */ = {
			isa = XCConfigurationList;
			buildConfigurations = (
				84228CBA2C9C60FF004C3936 /* Debug */,
				84228CBB2C9C60FF004C3936 /* Release */,
			);
			defaultConfigurationIsVisible = 0;
			defaultConfigurationName = Release;
		};
		84228CBC2C9C60FF004C3936 /* Build configuration list for PBXNativeTarget "XoneTestUITests" */ = {
			isa = XCConfigurationList;
			buildConfigurations = (
				84228CBD2C9C60FF004C3936 /* Debug */,
				84228CBE2C9C60FF004C3936 /* Release */,
			);
			defaultConfigurationIsVisible = 0;
			defaultConfigurationName = Release;
		};
/* End XCConfigurationList section */
	};
	rootObject = 84228C842C9C60FC004C3936 /* Project object */;
}
